
Microsoft Visual Studio Solution File, Format Version 12.00
# Visual Studio Version 16
VisualStudioVersion = 16.0.31729.503
MinimumVisualStudioVersion = 10.0.40219.1
Project("{888888A0-9F3D-457C-B088-3A5042F75D52}") = "Quiz", "Quiz\Quiz.pyproj", "{D270F8B5-A4D0-4555-B4DE-443D0E60148E}"
EndProject
Global
	GlobalSection(SolutionConfigurationPlatforms) = preSolution
		Debug|Any CPU = Debug|Any CPU
		Release|Any CPU = Release|Any CPU
	EndGlobalSection
	GlobalSection(ProjectConfigurationPlatforms) = postSolution
		{D270F8B5-A4D0-4555-B4DE-443D0E60148E}.Debug|Any CPU.ActiveCfg = Debug|Any CPU
		{D270F8B5-A4D0-4555-B4DE-443D0E60148E}.Release|Any CPU.ActiveCfg = Release|Any CPU
	EndGlobalSection
	GlobalSection(SolutionProperties) = preSolution
		HideSolutionNode = FALSE
	EndGlobalSection
	GlobalSection(ExtensibilityGlobals) = postSolution
		SolutionGuid = {706F42FD-A120-4345-B582-6CC047C7353D}
	EndGlobalSection
EndGlobal
